
Microsoft Visual Studio Solution File, Format Version 12.00
# Visual Studio Version 16
VisualStudioVersion = 16.0.29613.14
MinimumVisualStudioVersion = 10.0.40219.1
Project("{9A19103F-16F7-4668-BE54-9A1E7A4F7556}") = "Cep_Consult", "Cep_Consult.csproj", "{251985D9-182D-4806-9457-DF52F3F75222}"
EndProject
Project("{9A19103F-16F7-4668-BE54-9A1E7A4F7556}") = "XUnitTests", "..\XUnitTests\XUnitTests.csproj", "{E58EF9DA-A308-47EB-BCAB-2B7AA02F1621}"
EndProject
Global
	GlobalSection(SolutionConfigurationPlatforms) = preSolution
		Debug|Any CPU = Debug|Any CPU
		Release|Any CPU = Release|Any CPU
	EndGlobalSection
	GlobalSection(ProjectConfigurationPlatforms) = postSolution
		{251985D9-182D-4806-9457-DF52F3F75222}.Debug|Any CPU.ActiveCfg = Debug|Any CPU
		{251985D9-182D-4806-9457-DF52F3F75222}.Debug|Any CPU.Build.0 = Debug|Any CPU
		{251985D9-182D-4806-9457-DF52F3F75222}.Release|Any CPU.ActiveCfg = Release|Any CPU
		{251985D9-182D-4806-9457-DF52F3F75222}.Release|Any CPU.Build.0 = Release|Any CPU
		{E58EF9DA-A308-47EB-BCAB-2B7AA02F1621}.Debug|Any CPU.ActiveCfg = Debug|Any CPU
		{E58EF9DA-A308-47EB-BCAB-2B7AA02F1621}.Debug|Any CPU.Build.0 = Debug|Any CPU
		{E58EF9DA-A308-47EB-BCAB-2B7AA02F1621}.Release|Any CPU.ActiveCfg = Release|Any CPU
		{E58EF9DA-A308-47EB-BCAB-2B7AA02F1621}.Release|Any CPU.Build.0 = Release|Any CPU
	EndGlobalSection
	GlobalSection(SolutionProperties) = preSolution
		HideSolutionNode = FALSE
	EndGlobalSection
	GlobalSection(ExtensibilityGlobals) = postSolution
		SolutionGuid = {456801FD-D102-4CF4-9218-67858C7789BA}
	EndGlobalSection
EndGlobal
